{
  "name": "next-calculator",
  "version": "1.0.0",
  "lockfileVersion": 3,
  "requires": true,
  "packages": {
    "": {
      "name": "next-calculator",
      "version": "1.0.0",
      "dependencies": {
        "next": "14.2.5",
        "react": "18.2.0",
        "react-dom": "18.2.0",
        "reflect-metadata": "0.2.1",
        "sqlite3": "5.1.7",
        "typeorm": "0.3.20"
      },
      "devDependencies": {
        "@tailwindcss/forms": "0.5.7",
        "@types/node": "20.12.7",
        "@types/react": "18.2.74",
        "@types/react-dom": "18.2.24",
        "@types/sqlite3": "3.1.11",
        "autoprefixer": "10.4.19",
        "postcss": "8.4.38",
        "tailwindcss": "3.4.1",
        "ts-node": "10.9.2",
        "typescript": "5.4.5"
      }
    },
    "node_modules/@next/swc-darwin-arm64": {
      "version": "14.2.5",
      "resolved": "https://registry.npmjs.org/@next/swc-darwin-arm64/-/swc-darwin-arm64-14.2.5.tgz",
      "integrity": "sha512-/w4U4sR2DNOeGSbvy4B5ow4dTXjflQ9qoK4AfY7q6nXtrcTQvibQ8jGYdApfhFUBCl6YfGmEChO3U2yYFj5+gQ==",
      "cpu": [
        "arm64"
      ],
      "optional": true,
      "os": [
        "darwin"
      ],
      "engines": {
        "node": ">=10"
      }
    }
  }
}